
Microsoft Visual Studio Solution File, Format Version 12.00
# Visual Studio 15
VisualStudioVersion = 15.0.28307.1500
MinimumVisualStudioVersion = 10.0.40219.1
Project("{8BC9CEB8-8B4A-11D0-8D11-00A0C91BC942}") = "Bataille navale", "Bataille navale\Bataille navale.vcxproj", "{CFE5FFAE-9540-4B20-BC6E-9D5B49A1C46E}"
EndProject
Global
	GlobalSection(SolutionConfigurationPlatforms) = preSolution
		Debug|x64 = Debug|x64
		Debug|x86 = Debug|x86
		Release|x64 = Release|x64
		Release|x86 = Release|x86
	EndGlobalSection
	GlobalSection(ProjectConfigurationPlatforms) = postSolution
		{CFE5FFAE-9540-4B20-BC6E-9D5B49A1C46E}.Debug|x64.ActiveCfg = Debug|x64
		{CFE5FFAE-9540-4B20-BC6E-9D5B49A1C46E}.Debug|x64.Build.0 = Debug|x64
		{CFE5FFAE-9540-4B20-BC6E-9D5B49A1C46E}.Debug|x86.ActiveCfg = Debug|Win32
		{CFE5FFAE-9540-4B20-BC6E-9D5B49A1C46E}.Debug|x86.Build.0 = Debug|Win32
		{CFE5FFAE-9540-4B20-BC6E-9D5B49A1C46E}.Release|x64.ActiveCfg = Release|x64
		{CFE5FFAE-9540-4B20-BC6E-9D5B49A1C46E}.Release|x64.Build.0 = Release|x64
		{CFE5FFAE-9540-4B20-BC6E-9D5B49A1C46E}.Release|x86.ActiveCfg = Release|Win32
		{CFE5FFAE-9540-4B20-BC6E-9D5B49A1C46E}.Release|x86.Build.0 = Release|Win32
	EndGlobalSection
	GlobalSection(SolutionProperties) = preSolution
		HideSolutionNode = FALSE
	EndGlobalSection
	GlobalSection(ExtensibilityGlobals) = postSolution
		SolutionGuid = {3923E432-FEE8-412A-8603-CD4F86CA5F92}
	EndGlobalSection
EndGlobal
